// !$*UTF8*$!
{
	archiveVersion = 1;
	classes = {
	};
	objectVersion = 46;
	objects = {

/* Begin PBXBuildFile section */
		B8D8741D1E58E38300FCC6CA /* AppDelegate.swift in Sources */ = {isa = PBXBuildFile; fileRef = B8D8741C1E58E38300FCC6CA /* AppDelegate.swift */; };
		B8D8741F1E58E38400FCC6CA /* ViewController.swift in Sources */ = {isa = PBXBuildFile; fileRef = B8D8741E1E58E38400FCC6CA /* ViewController.swift */; };
		B8D874221E58E38700FCC6CA /* Main.storyboard in Resources */ = {isa = PBXBuildFile; fileRef = B8D874201E58E38700FCC6CA /* Main.storyboard */; };
		B8D874251E58E38800FCC6CA /* StarWars_Characteres.xcdatamodeld in Sources */ = {isa = PBXBuildFile; fileRef = B8D874231E58E38800FCC6CA /* StarWars_Characteres.xcdatamodeld */; };
		B8D874271E58E38800FCC6CA /* Assets.xcassets in Resources */ = {isa = PBXBuildFile; fileRef = B8D874261E58E38800FCC6CA /* Assets.xcassets */; };
		B8D8742A1E58E38800FCC6CA /* LaunchScreen.storyboard in Resources */ = {isa = PBXBuildFile; fileRef = B8D874281E58E38800FCC6CA /* LaunchScreen.storyboard */; };
/* End PBXBuildFile section */

/* Begin PBXFileReference section */
		B8D874191E58E38300FCC6CA /* StarWars_Characteres.app */ = {isa = PBXFileReference; explicitFileType = wrapper.application; includeInIndex = 0; path = StarWars_Characteres.app; sourceTree = BUILT_PRODUCTS_DIR; };
		B8D8741C1E58E38300FCC6CA /* AppDelegate.swift */ = {isa = PBXFileReference; lastKnownFileType = sourcecode.swift; path = AppDelegate.swift; sourceTree = "<group>"; };
		B8D8741E1E58E38400FCC6CA /* ViewController.swift */ = {isa = PBXFileReference; lastKnownFileType = sourcecode.swift; path = ViewController.swift; sourceTree = "<group>"; };
		B8D874211E58E38700FCC6CA /* Base */ = {isa = PBXFileReference; lastKnownFileType = file.storyboard; name = Base; path = Base.lproj/Main.storyboard; sourceTree = "<group>"; };
		B8D874241E58E38800FCC6CA /* StarWars_Characteres.xcdatamodel */ = {isa = PBXFileReference; lastKnownFileType = wrapper.xcdatamodel; path = StarWars_Characteres.xcdatamodel; sourceTree = "<group>"; };
		B8D874261E58E38800FCC6CA /* Assets.xcassets */ = {isa = PBXFileReference; lastKnownFileType = folder.assetcatalog; path = Assets.xcassets; sourceTree = "<group>"; };
		B8D874291E58E38800FCC6CA /* Base */ = {isa = PBXFileReference; lastKnownFileType = file.storyboard; name = Base; path = Base.lproj/LaunchScreen.storyboard; sourceTree = "<group>"; };
		B8D8742B1E58E38800FCC6CA /* Info.plist */ = {isa = PBXFileReference; lastKnownFileType = text.plist.xml; path = Info.plist; sourceTree = "<group>"; };
/* End PBXFileReference section */

/* Begin PBXFrameworksBuildPhase section */
		B8D874161E58E38300FCC6CA /* Frameworks */ = {
			isa = PBXFrameworksBuildPhase;
			buildActionMask = 2147483647;
			files = (
			);
			runOnlyForDeploymentPostprocessing = 0;
		};
/* End PBXFrameworksBuildPhase section */

/* Begin PBXGroup section */
		B8D874101E58E38300FCC6CA = {
			isa = PBXGroup;
			children = (
				B8D8741B1E58E38300FCC6CA /* StarWars_Characteres */,
				B8D8741A1E58E38300FCC6CA /* Products */,
			);
			sourceTree = "<group>";
		};
		B8D8741A1E58E38300FCC6CA /* Products */ = {
			isa = PBXGroup;
			children = (
				B8D874191E58E38300FCC6CA /* StarWars_Characteres.app */,
			);
			name = Products;
			sourceTree = "<group>";
		};
		B8D8741B1E58E38300FCC6CA /* StarWars_Characteres */ = {
			isa = PBXGroup;
			children = (
				B8D8741C1E58E38300FCC6CA /* AppDelegate.swift */,
				B8D8741E1E58E38400FCC6CA /* ViewController.swift */,
				B8D874201E58E38700FCC6CA /* Main.storyboard */,
				B8D874261E58E38800FCC6CA /* Assets.xcassets */,
				B8D874281E58E38800FCC6CA /* LaunchScreen.storyboard */,
				B8D8742B1E58E38800FCC6CA /* Info.plist */,
				B8D874231E58E38800FCC6CA /* StarWars_Characteres.xcdatamodeld */,
			);
			path = StarWars_Characteres;
			sourceTree = "<group>";
		};
/* End PBXGroup section */

/* Begin PBXNativeTarget section */
		B8D874181E58E38300FCC6CA /* StarWars_Characteres */ = {
			isa = PBXNativeTarget;
			buildConfigurationList = B8D8742E1E58E38800FCC6CA /* Build configuration list for PBXNativeTarget "StarWars_Characteres" */;
			buildPhases = (
				B8D874151E58E38300FCC6CA /* Sources */,
				B8D874161E58E38300FCC6CA /* Frameworks */,
				B8D874171E58E38300FCC6CA /* Resources */,
			);
			buildRules = (
			);
			dependencies = (
			);
			name = StarWars_Characteres;
			productName = StarWars_Characteres;
			productReference = B8D874191E58E38300FCC6CA /* StarWars_Characteres.app */;
			productType = "com.apple.product-type.application";
		};
/* End PBXNativeTarget section */

/* Begin PBXProject section */
		B8D874111E58E38300FCC6CA /* Project object */ = {
			isa = PBXProject;
			attributes = {
				LastSwiftUpdateCheck = 0820;
				LastUpgradeCheck = 0820;
				ORGANIZATIONNAME = PlayAgain;
				TargetAttributes = {
					B8D874181E58E38300FCC6CA = {
						CreatedOnToolsVersion = 8.2;
						DevelopmentTeam = 3986475H8S;
						ProvisioningStyle = Automatic;
					};
				};
			};
			buildConfigurationList = B8D874141E58E38300FCC6CA /* Build configuration list for PBXProject "StarWars_Characteres" */;
			compatibilityVersion = "Xcode 3.2";
			developmentRegion = English;
			hasScannedForEncodings = 0;
			knownRegions = (
				en,
				Base,
			);
			mainGroup = B8D874101E58E38300FCC6CA;
			productRefGroup = B8D8741A1E58E38300FCC6CA /* Products */;
			projectDirPath = "";
			projectRoot = "";
			targets = (
				B8D874181E58E38300FCC6CA /* StarWars_Characteres */,
			);
		};
/* End PBXProject section */

/* Begin PBXResourcesBuildPhase section */
		B8D874171E58E38300FCC6CA /* Resources */ = {
			isa = PBXResourcesBuildPhase;
			buildActionMask = 2147483647;
			files = (
				B8D8742A1E58E38800FCC6CA /* LaunchScreen.storyboard in Resources */,
				B8D874271E58E38800FCC6CA /* Assets.xcassets in Resources */,
				B8D874221E58E38700FCC6CA /* Main.storyboard in Resources */,
			);
			runOnlyForDeploymentPostprocessing = 0;
		};
/* End PBXResourcesBuildPhase section */

/* Begin PBXSourcesBuildPhase section */
		B8D874151E58E38300FCC6CA /* Sources */ = {
			isa = PBXSourcesBuildPhase;
			buildActionMask = 2147483647;
			files = (
				B8D874251E58E38800FCC6CA /* StarWars_Characteres.xcdatamodeld in Sources */,
				B8D8741F1E58E38400FCC6CA /* ViewController.swift in Sources */,
				B8D8741D1E58E38300FCC6CA /* AppDelegate.swift in Sources */,
			);
			runOnlyForDeploymentPostprocessing = 0;
		};
/* End PBXSourcesBuildPhase section */

/* Begin PBXVariantGroup section */
		B8D874201E58E38700FCC6CA /* Main.storyboard */ = {
			isa = PBXVariantGroup;
			children = (
				B8D874211E58E38700FCC6CA /* Base */,
			);
			name = Main.storyboard;
			sourceTree = "<group>";
		};
		B8D874281E58E38800FCC6CA /* LaunchScreen.storyboard */ = {
			isa = PBXVariantGroup;
			children = (
				B8D874291E58E38800FCC6CA /* Base */,
			);
			name = LaunchScreen.storyboard;
			sourceTree = "<group>";
		};
/* End PBXVariantGroup section */

/* Begin XCBuildConfiguration section */
		B8D8742C1E58E38800FCC6CA /* Debug */ = {
			isa = XCBuildConfiguration;
			buildSettings = {
				ALWAYS_SEARCH_USER_PATHS = NO;
				CLANG_ANALYZER_NONNULL = YES;
				CLANG_CXX_LANGUAGE_STANDARD = "gnu++0x";
				CLANG_CXX_LIBRARY = "libc++";
				CLANG_ENABLE_MODULES = YES;
				CLANG_ENABLE_OBJC_ARC = YES;
				CLANG_WARN_BOOL_CONVERSION = YES;
				CLANG_WARN_CONSTANT_CONVERSION = YES;
				CLANG_WARN_DIRECT_OBJC_ISA_USAGE = YES_ERROR;
				CLANG_WARN_DOCUMENTATION_COMMENTS = YES;
				CLANG_WARN_EMPTY_BODY = YES;
				CLANG_WARN_ENUM_CONVERSION = YES;
				CLANG_WARN_INFINITE_RECURSION = YES;
				CLANG_WARN_INT_CONVERSION = YES;
				CLANG_WARN_OBJC_ROOT_CLASS = YES_ERROR;
				CLANG_WARN_SUSPICIOUS_MOVE = YES;
				CLANG_WARN_UNREACHABLE_CODE = YES;
				CLANG_WARN__DUPLICATE_METHOD_MATCH = YES;
				"CODE_SIGN_IDENTITY[sdk=iphoneos*]" = "iPhone Developer";
				COPY_PHASE_STRIP = NO;
				DEBUG_INFORMATION_FORMAT = dwarf;
				ENABLE_STRICT_OBJC_MSGSEND = YES;
				ENABLE_TESTABILITY = YES;
				GCC_C_LANGUAGE_STANDARD = gnu99;
				GCC_DYNAMIC_NO_PIC = NO;
				GCC_NO_COMMON_BLOCKS = YES;
				GCC_OPTIMIZATION_LEVEL = 0;
				GCC_PREPROCESSOR_DEFINITIONS = (
					"DEBUG=1",
					"$(inherited)",
				);
				GCC_WARN_64_TO_32_BIT_CONVERSION = YES;
				GCC_WARN_ABOUT_RETURN_TYPE = YES_ERROR;
				GCC_WARN_UNDECLARED_SELECTOR = YES;
				GCC_WARN_UNINITIALIZED_AUTOS = YES_AGGRESSIVE;
				GCC_WARN_UNUSED_FUNCTION = YES;
				GCC_WARN_UNUSED_VARIABLE = YES;
				IPHONEOS_DEPLOYMENT_TARGET = 10.2;
				MTL_ENABLE_DEBUG_INFO = YES;
				ONLY_ACTIVE_ARCH = YES;
				SDKROOT = iphoneos;
				SWIFT_ACTIVE_COMPILATION_CONDITIONS = DEBUG;
				SWIFT_OPTIMIZATION_LEVEL = "-Onone";
				TARGETED_DEVICE_FAMILY = "1,2";
			};
			name = Debug;
		};
		B8D8742D1E58E38800FCC6CA /* Release */ = {
			isa = XCBuildConfiguration;
			buildSettings = {
				ALWAYS_SEARCH_USER_PATHS = NO;
				CLANG_ANALYZER_NONNULL = YES;
				CLANG_CXX_LANGUAGE_STANDARD = "gnu++0x";
				CLANG_CXX_LIBRARY = "libc++";
				CLANG_ENABLE_MODULES = YES;
				CLANG_ENABLE_OBJC_ARC = YES;
				CLANG_WARN_BOOL_CONVERSION = YES;
				CLANG_WARN_CONSTANT_CONVERSION = YES;
				CLANG_WARN_DIRECT_OBJC_ISA_USAGE = YES_ERROR;
				CLANG_WARN_DOCUMENTATION_COMMENTS = YES;
				CLANG_WARN_EMPTY_BODY = YES;
				CLANG_WARN_ENUM_CONVERSION = YES;
				CLANG_WARN_INFINITE_RECURSION = YES;
				CLANG_WARN_INT_CONVERSION = YES;
				CLANG_WARN_OBJC_ROOT_CLASS = YES_ERROR;
				CLANG_WARN_SUSPICIOUS_MOVE = YES;
				CLANG_WARN_UNREACHABLE_CODE = YES;
				CLANG_WARN__DUPLICATE_METHOD_MATCH = YES;
				"CODE_SIGN_IDENTITY[sdk=iphoneos*]" = "iPhone Developer";
				COPY_PHASE_STRIP = NO;
				DEBUG_INFORMATION_FORMAT = "dwarf-with-dsym";
				ENABLE_NS_ASSERTIONS = NO;
				ENABLE_STRICT_OBJC_MSGSEND = YES;
				GCC_C_LANGUAGE_STANDARD = gnu99;
				GCC_NO_COMMON_BLOCKS = YES;
				GCC_WARN_64_TO_32_BIT_CONVERSION = YES;
				GCC_WARN_ABOUT_RETURN_TYPE = YES_ERROR;
				GCC_WARN_UNDECLARED_SELECTOR = YES;
				GCC_WARN_UNINITIALIZED_AUTOS = YES_AGGRESSIVE;
				GCC_WARN_UNUSED_FUNCTION = YES;
				GCC_WARN_UNUSED_VARIABLE = YES;
				IPHONEOS_DEPLOYMENT_TARGET = 10.2;
				MTL_ENABLE_DEBUG_INFO = NO;
				SDKROOT = iphoneos;
				SWIFT_OPTIMIZATION_LEVEL = "-Owholemodule";
				TARGETED_DEVICE_FAMILY = "1,2";
				VALIDATE_PRODUCT = YES;
			};
			name = Release;
		};
		B8D8742F1E58E38800FCC6CA /* Debug */ = {
			isa = XCBuildConfiguration;
			buildSettings = {
				ASSETCATALOG_COMPILER_APPICON_NAME = AppIcon;
				DEVELOPMENT_TEAM = 3986475H8S;
				INFOPLIST_FILE = StarWars_Characteres/Info.plist;
				LD_RUNPATH_SEARCH_PATHS = "$(inherited) @executable_path/Frameworks";
				PRODUCT_BUNDLE_IDENTIFIER = "PlayAgain.StarWars-Characteres";
				PRODUCT_NAME = "$(TARGET_NAME)";
				SWIFT_VERSION = 3.0;
			};
			name = Debug;
		};
		B8D874301E58E38800FCC6CA /* Release */ = {
			isa = XCBuildConfiguration;
			buildSettings = {
				ASSETCATALOG_COMPILER_APPICON_NAME = AppIcon;
				DEVELOPMENT_TEAM = 3986475H8S;
				INFOPLIST_FILE = StarWars_Characteres/Info.plist;
				LD_RUNPATH_SEARCH_PATHS = "$(inherited) @executable_path/Frameworks";
				PRODUCT_BUNDLE_IDENTIFIER = "PlayAgain.StarWars-Characteres";
				PRODUCT_NAME = "$(TARGET_NAME)";
				SWIFT_VERSION = 3.0;
			};
			name = Release;
		};
/* End XCBuildConfiguration section */

/* Begin XCConfigurationList section */
		B8D874141E58E38300FCC6CA /* Build configuration list for PBXProject "StarWars_Characteres" */ = {
			isa = XCConfigurationList;
			buildConfigurations = (
				B8D8742C1E58E38800FCC6CA /* Debug */,
				B8D8742D1E58E38800FCC6CA /* Release */,
			);
			defaultConfigurationIsVisible = 0;
			defaultConfigurationName = Release;
		};
		B8D8742E1E58E38800FCC6CA /* Build configuration list for PBXNativeTarget "StarWars_Characteres" */ = {
			isa = XCConfigurationList;
			buildConfigurations = (
				B8D8742F1E58E38800FCC6CA /* Debug */,
				B8D874301E58E38800FCC6CA /* Release */,
			);
			defaultConfigurationIsVisible = 0;
		};
/* End XCConfigurationList section */

/* Begin XCVersionGroup section */
		B8D874231E58E38800FCC6CA /* StarWars_Characteres.xcdatamodeld */ = {
			isa = XCVersionGroup;
			children = (
				B8D874241E58E38800FCC6CA /* StarWars_Characteres.xcdatamodel */,
			);
			currentVersion = B8D874241E58E38800FCC6CA /* StarWars_Characteres.xcdatamodel */;
			path = StarWars_Characteres.xcdatamodeld;
			sourceTree = "<group>";
			versionGroupType = wrapper.xcdatamodel;
		};
/* End XCVersionGroup section */
	};
	rootObject = B8D874111E58E38300FCC6CA /* Project object */;
}
